// !$*UTF8*$!
{
	archiveVersion = 1;
	classes = {
	};
	objectVersion = 55;
	objects = {

/* Begin PBXBuildFile section */
		C258472B27D61BC400E13DEE /* AppDelegate.swift in Sources */ = {isa = PBXBuildFile; fileRef = C258472A27D61BC400E13DEE /* AppDelegate.swift */; };
		C258472D27D61BC400E13DEE /* SceneDelegate.swift in Sources */ = {isa = PBXBuildFile; fileRef = C258472C27D61BC400E13DEE /* SceneDelegate.swift */; };
		C258472F27D61BC400E13DEE /* ViewController.swift in Sources */ = {isa = PBXBuildFile; fileRef = C258472E27D61BC400E13DEE /* ViewController.swift */; };
		C258473427D61BC400E13DEE /* Assets.xcassets in Resources */ = {isa = PBXBuildFile; fileRef = C258473327D61BC400E13DEE /* Assets.xcassets */; };
		C258473727D61BC400E13DEE /* LaunchScreen.storyboard in Resources */ = {isa = PBXBuildFile; fileRef = C258473527D61BC400E13DEE /* LaunchScreen.storyboard */; };
		C258474527D61E4700E13DEE /* BookResponse.swift in Sources */ = {isa = PBXBuildFile; fileRef = C258474427D61E4700E13DEE /* BookResponse.swift */; };
		C258474D27D6294400E13DEE /* NetworkService.swift in Sources */ = {isa = PBXBuildFile; fileRef = C258474C27D6294400E13DEE /* NetworkService.swift */; };
		C258474F27D6295A00E13DEE /* API.swift in Sources */ = {isa = PBXBuildFile; fileRef = C258474E27D6295A00E13DEE /* API.swift */; };
		C258475227D62A3D00E13DEE /* NetworkDataFetcher.swift in Sources */ = {isa = PBXBuildFile; fileRef = C258475127D62A3D00E13DEE /* NetworkDataFetcher.swift */; };
/* End PBXBuildFile section */

/* Begin PBXFileReference section */
		C258472727D61BC400E13DEE /* SearchBook.app */ = {isa = PBXFileReference; explicitFileType = wrapper.application; includeInIndex = 0; path = SearchBook.app; sourceTree = BUILT_PRODUCTS_DIR; };
		C258472A27D61BC400E13DEE /* AppDelegate.swift */ = {isa = PBXFileReference; lastKnownFileType = sourcecode.swift; path = AppDelegate.swift; sourceTree = "<group>"; };
		C258472C27D61BC400E13DEE /* SceneDelegate.swift */ = {isa = PBXFileReference; lastKnownFileType = sourcecode.swift; path = SceneDelegate.swift; sourceTree = "<group>"; };
		C258472E27D61BC400E13DEE /* ViewController.swift */ = {isa = PBXFileReference; lastKnownFileType = sourcecode.swift; path = ViewController.swift; sourceTree = "<group>"; };
		C258473327D61BC400E13DEE /* Assets.xcassets */ = {isa = PBXFileReference; lastKnownFileType = folder.assetcatalog; path = Assets.xcassets; sourceTree = "<group>"; };
		C258473627D61BC400E13DEE /* Base */ = {isa = PBXFileReference; lastKnownFileType = file.storyboard; name = Base; path = Base.lproj/LaunchScreen.storyboard; sourceTree = "<group>"; };
		C258473827D61BC400E13DEE /* Info.plist */ = {isa = PBXFileReference; lastKnownFileType = text.plist.xml; path = Info.plist; sourceTree = "<group>"; };
		C258474427D61E4700E13DEE /* BookResponse.swift */ = {isa = PBXFileReference; lastKnownFileType = sourcecode.swift; path = BookResponse.swift; sourceTree = "<group>"; };
		C258474C27D6294400E13DEE /* NetworkService.swift */ = {isa = PBXFileReference; lastKnownFileType = sourcecode.swift; path = NetworkService.swift; sourceTree = "<group>"; };
		C258474E27D6295A00E13DEE /* API.swift */ = {isa = PBXFileReference; lastKnownFileType = sourcecode.swift; path = API.swift; sourceTree = "<group>"; };
		C258475127D62A3D00E13DEE /* NetworkDataFetcher.swift */ = {isa = PBXFileReference; lastKnownFileType = sourcecode.swift; path = NetworkDataFetcher.swift; sourceTree = "<group>"; };
/* End PBXFileReference section */

/* Begin PBXFrameworksBuildPhase section */
		C258472427D61BC400E13DEE /* Frameworks */ = {
			isa = PBXFrameworksBuildPhase;
			buildActionMask = 2147483647;
			files = (
			);
			runOnlyForDeploymentPostprocessing = 0;
		};
/* End PBXFrameworksBuildPhase section */

/* Begin PBXGroup section */
		C258471E27D61BC400E13DEE = {
			isa = PBXGroup;
			children = (
				C258472927D61BC400E13DEE /* SearchBook */,
				C258472827D61BC400E13DEE /* Products */,
			);
			sourceTree = "<group>";
		};
		C258472827D61BC400E13DEE /* Products */ = {
			isa = PBXGroup;
			children = (
				C258472727D61BC400E13DEE /* SearchBook.app */,
			);
			name = Products;
			sourceTree = "<group>";
		};
		C258472927D61BC400E13DEE /* SearchBook */ = {
			isa = PBXGroup;
			children = (
				C258473E27D61C3D00E13DEE /* Model */,
				C258473F27D61C4300E13DEE /* View */,
				C258474027D61C4900E13DEE /* Controller */,
				C258474B27D6292200E13DEE /* Services */,
				C258474127D61C5300E13DEE /* Supports */,
			);
			path = SearchBook;
			sourceTree = "<group>";
		};
		C258473E27D61C3D00E13DEE /* Model */ = {
			isa = PBXGroup;
			children = (
				C258474427D61E4700E13DEE /* BookResponse.swift */,
			);
			path = Model;
			sourceTree = "<group>";
		};
		C258473F27D61C4300E13DEE /* View */ = {
			isa = PBXGroup;
			children = (
			);
			path = View;
			sourceTree = "<group>";
		};
		C258474027D61C4900E13DEE /* Controller */ = {
			isa = PBXGroup;
			children = (
				C258472E27D61BC400E13DEE /* ViewController.swift */,
			);
			path = Controller;
			sourceTree = "<group>";
		};
		C258474127D61C5300E13DEE /* Supports */ = {
			isa = PBXGroup;
			children = (
				C258472A27D61BC400E13DEE /* AppDelegate.swift */,
				C258472C27D61BC400E13DEE /* SceneDelegate.swift */,
				C258473327D61BC400E13DEE /* Assets.xcassets */,
				C258473527D61BC400E13DEE /* LaunchScreen.storyboard */,
				C258473827D61BC400E13DEE /* Info.plist */,
			);
			path = Supports;
			sourceTree = "<group>";
		};
		C258474B27D6292200E13DEE /* Services */ = {
			isa = PBXGroup;
			children = (
				C258475127D62A3D00E13DEE /* NetworkDataFetcher.swift */,
				C258474C27D6294400E13DEE /* NetworkService.swift */,
				C258475027D6299800E13DEE /* API */,
			);
			path = Services;
			sourceTree = "<group>";
		};
		C258475027D6299800E13DEE /* API */ = {
			isa = PBXGroup;
			children = (
				C258474E27D6295A00E13DEE /* API.swift */,
			);
			path = API;
			sourceTree = "<group>";
		};
/* End PBXGroup section */

/* Begin PBXNativeTarget section */
		C258472627D61BC400E13DEE /* SearchBook */ = {
			isa = PBXNativeTarget;
			buildConfigurationList = C258473B27D61BC400E13DEE /* Build configuration list for PBXNativeTarget "SearchBook" */;
			buildPhases = (
				C258472327D61BC400E13DEE /* Sources */,
				C258472427D61BC400E13DEE /* Frameworks */,
				C258472527D61BC400E13DEE /* Resources */,
			);
			buildRules = (
			);
			dependencies = (
			);
			name = SearchBook;
			productName = SearchBook;
			productReference = C258472727D61BC400E13DEE /* SearchBook.app */;
			productType = "com.apple.product-type.application";
		};
/* End PBXNativeTarget section */

/* Begin PBXProject section */
		C258471F27D61BC400E13DEE /* Project object */ = {
			isa = PBXProject;
			attributes = {
				BuildIndependentTargetsInParallel = 1;
				LastSwiftUpdateCheck = 1320;
				LastUpgradeCheck = 1320;
				TargetAttributes = {
					C258472627D61BC400E13DEE = {
						CreatedOnToolsVersion = 13.2.1;
					};
				};
			};
			buildConfigurationList = C258472227D61BC400E13DEE /* Build configuration list for PBXProject "SearchBook" */;
			compatibilityVersion = "Xcode 13.0";
			developmentRegion = en;
			hasScannedForEncodings = 0;
			knownRegions = (
				en,
				Base,
			);
			mainGroup = C258471E27D61BC400E13DEE;
			productRefGroup = C258472827D61BC400E13DEE /* Products */;
			projectDirPath = "";
			projectRoot = "";
			targets = (
				C258472627D61BC400E13DEE /* SearchBook */,
			);
		};
/* End PBXProject section */

/* Begin PBXResourcesBuildPhase section */
		C258472527D61BC400E13DEE /* Resources */ = {
			isa = PBXResourcesBuildPhase;
			buildActionMask = 2147483647;
			files = (
				C258473727D61BC400E13DEE /* LaunchScreen.storyboard in Resources */,
				C258473427D61BC400E13DEE /* Assets.xcassets in Resources */,
			);
			runOnlyForDeploymentPostprocessing = 0;
		};
/* End PBXResourcesBuildPhase section */

/* Begin PBXSourcesBuildPhase section */
		C258472327D61BC400E13DEE /* Sources */ = {
			isa = PBXSourcesBuildPhase;
			buildActionMask = 2147483647;
			files = (
				C258475227D62A3D00E13DEE /* NetworkDataFetcher.swift in Sources */,
				C258474D27D6294400E13DEE /* NetworkService.swift in Sources */,
				C258472F27D61BC400E13DEE /* ViewController.swift in Sources */,
				C258472B27D61BC400E13DEE /* AppDelegate.swift in Sources */,
				C258472D27D61BC400E13DEE /* SceneDelegate.swift in Sources */,
				C258474F27D6295A00E13DEE /* API.swift in Sources */,
				C258474527D61E4700E13DEE /* BookResponse.swift in Sources */,
			);
			runOnlyForDeploymentPostprocessing = 0;
		};
/* End PBXSourcesBuildPhase section */

/* Begin PBXVariantGroup section */
		C258473527D61BC400E13DEE /* LaunchScreen.storyboard */ = {
			isa = PBXVariantGroup;
			children = (
				C258473627D61BC400E13DEE /* Base */,
			);
			name = LaunchScreen.storyboard;
			sourceTree = "<group>";
		};
/* End PBXVariantGroup section */

/* Begin XCBuildConfiguration section */
		C258473927D61BC400E13DEE /* Debug */ = {
			isa = XCBuildConfiguration;
			buildSettings = {
				ALWAYS_SEARCH_USER_PATHS = NO;
				CLANG_ANALYZER_NONNULL = YES;
				CLANG_ANALYZER_NUMBER_OBJECT_CONVERSION = YES_AGGRESSIVE;
				CLANG_CXX_LANGUAGE_STANDARD = "gnu++17";
				CLANG_CXX_LIBRARY = "libc++";
				CLANG_ENABLE_MODULES = YES;
				CLANG_ENABLE_OBJC_ARC = YES;
				CLANG_ENABLE_OBJC_WEAK = YES;
				CLANG_WARN_BLOCK_CAPTURE_AUTORELEASING = YES;
				CLANG_WARN_BOOL_CONVERSION = YES;
				CLANG_WARN_COMMA = YES;
				CLANG_WARN_CONSTANT_CONVERSION = YES;
				CLANG_WARN_DEPRECATED_OBJC_IMPLEMENTATIONS = YES;
				CLANG_WARN_DIRECT_OBJC_ISA_USAGE = YES_ERROR;
				CLANG_WARN_DOCUMENTATION_COMMENTS = YES;
				CLANG_WARN_EMPTY_BODY = YES;
				CLANG_WARN_ENUM_CONVERSION = YES;
				CLANG_WARN_INFINITE_RECURSION = YES;
				CLANG_WARN_INT_CONVERSION = YES;
				CLANG_WARN_NON_LITERAL_NULL_CONVERSION = YES;
				CLANG_WARN_OBJC_IMPLICIT_RETAIN_SELF = YES;
				CLANG_WARN_OBJC_LITERAL_CONVERSION = YES;
				CLANG_WARN_OBJC_ROOT_CLASS = YES_ERROR;
				CLANG_WARN_QUOTED_INCLUDE_IN_FRAMEWORK_HEADER = YES;
				CLANG_WARN_RANGE_LOOP_ANALYSIS = YES;
				CLANG_WARN_STRICT_PROTOTYPES = YES;
				CLANG_WARN_SUSPICIOUS_MOVE = YES;
				CLANG_WARN_UNGUARDED_AVAILABILITY = YES_AGGRESSIVE;
				CLANG_WARN_UNREACHABLE_CODE = YES;
				CLANG_WARN__DUPLICATE_METHOD_MATCH = YES;
				COPY_PHASE_STRIP = NO;
				DEBUG_INFORMATION_FORMAT = dwarf;
				ENABLE_STRICT_OBJC_MSGSEND = YES;
				ENABLE_TESTABILITY = YES;
				GCC_C_LANGUAGE_STANDARD = gnu11;
				GCC_DYNAMIC_NO_PIC = NO;
				GCC_NO_COMMON_BLOCKS = YES;
				GCC_OPTIMIZATION_LEVEL = 0;
				GCC_PREPROCESSOR_DEFINITIONS = (
					"DEBUG=1",
					"$(inherited)",
				);
				GCC_WARN_64_TO_32_BIT_CONVERSION = YES;
				GCC_WARN_ABOUT_RETURN_TYPE = YES_ERROR;
				GCC_WARN_UNDECLARED_SELECTOR = YES;
				GCC_WARN_UNINITIALIZED_AUTOS = YES_AGGRESSIVE;
				GCC_WARN_UNUSED_FUNCTION = YES;
				GCC_WARN_UNUSED_VARIABLE = YES;
				IPHONEOS_DEPLOYMENT_TARGET = 15.2;
				MTL_ENABLE_DEBUG_INFO = INCLUDE_SOURCE;
				MTL_FAST_MATH = YES;
				ONLY_ACTIVE_ARCH = YES;
				SDKROOT = iphoneos;
				SWIFT_ACTIVE_COMPILATION_CONDITIONS = DEBUG;
				SWIFT_OPTIMIZATION_LEVEL = "-Onone";
			};
			name = Debug;
		};
		C258473A27D61BC400E13DEE /* Release */ = {
			isa = XCBuildConfiguration;
			buildSettings = {
				ALWAYS_SEARCH_USER_PATHS = NO;
				CLANG_ANALYZER_NONNULL = YES;
				CLANG_ANALYZER_NUMBER_OBJECT_CONVERSION = YES_AGGRESSIVE;
				CLANG_CXX_LANGUAGE_STANDARD = "gnu++17";
				CLANG_CXX_LIBRARY = "libc++";
				CLANG_ENABLE_MODULES = YES;
				CLANG_ENABLE_OBJC_ARC = YES;
				CLANG_ENABLE_OBJC_WEAK = YES;
				CLANG_WARN_BLOCK_CAPTURE_AUTORELEASING = YES;
				CLANG_WARN_BOOL_CONVERSION = YES;
				CLANG_WARN_COMMA = YES;
				CLANG_WARN_CONSTANT_CONVERSION = YES;
				CLANG_WARN_DEPRECATED_OBJC_IMPLEMENTATIONS = YES;
				CLANG_WARN_DIRECT_OBJC_ISA_USAGE = YES_ERROR;
				CLANG_WARN_DOCUMENTATION_COMMENTS = YES;
				CLANG_WARN_EMPTY_BODY = YES;
				CLANG_WARN_ENUM_CONVERSION = YES;
				CLANG_WARN_INFINITE_RECURSION = YES;
				CLANG_WARN_INT_CONVERSION = YES;
				CLANG_WARN_NON_LITERAL_NULL_CONVERSION = YES;
				CLANG_WARN_OBJC_IMPLICIT_RETAIN_SELF = YES;
				CLANG_WARN_OBJC_LITERAL_CONVERSION = YES;
				CLANG_WARN_OBJC_ROOT_CLASS = YES_ERROR;
				CLANG_WARN_QUOTED_INCLUDE_IN_FRAMEWORK_HEADER = YES;
				CLANG_WARN_RANGE_LOOP_ANALYSIS = YES;
				CLANG_WARN_STRICT_PROTOTYPES = YES;
				CLANG_WARN_SUSPICIOUS_MOVE = YES;
				CLANG_WARN_UNGUARDED_AVAILABILITY = YES_AGGRESSIVE;
				CLANG_WARN_UNREACHABLE_CODE = YES;
				CLANG_WARN__DUPLICATE_METHOD_MATCH = YES;
				COPY_PHASE_STRIP = NO;
				DEBUG_INFORMATION_FORMAT = "dwarf-with-dsym";
				ENABLE_NS_ASSERTIONS = NO;
				ENABLE_STRICT_OBJC_MSGSEND = YES;
				GCC_C_LANGUAGE_STANDARD = gnu11;
				GCC_NO_COMMON_BLOCKS = YES;
				GCC_WARN_64_TO_32_BIT_CONVERSION = YES;
				GCC_WARN_ABOUT_RETURN_TYPE = YES_ERROR;
				GCC_WARN_UNDECLARED_SELECTOR = YES;
				GCC_WARN_UNINITIALIZED_AUTOS = YES_AGGRESSIVE;
				GCC_WARN_UNUSED_FUNCTION = YES;
				GCC_WARN_UNUSED_VARIABLE = YES;
				IPHONEOS_DEPLOYMENT_TARGET = 15.2;
				MTL_ENABLE_DEBUG_INFO = NO;
				MTL_FAST_MATH = YES;
				SDKROOT = iphoneos;
				SWIFT_COMPILATION_MODE = wholemodule;
				SWIFT_OPTIMIZATION_LEVEL = "-O";
				VALIDATE_PRODUCT = YES;
			};
			name = Release;
		};
		C258473C27D61BC400E13DEE /* Debug */ = {
			isa = XCBuildConfiguration;
			buildSettings = {
				ASSETCATALOG_COMPILER_APPICON_NAME = AppIcon;
				ASSETCATALOG_COMPILER_GLOBAL_ACCENT_COLOR_NAME = AccentColor;
				CODE_SIGN_STYLE = Automatic;
				CURRENT_PROJECT_VERSION = 1;
				GENERATE_INFOPLIST_FILE = YES;
				INFOPLIST_FILE = SearchBook/Supports/Info.plist;
				INFOPLIST_KEY_UIApplicationSupportsIndirectInputEvents = YES;
				INFOPLIST_KEY_UILaunchStoryboardName = LaunchScreen;
				INFOPLIST_KEY_UISupportedInterfaceOrientations_iPad = "UIInterfaceOrientationPortrait UIInterfaceOrientationPortraitUpsideDown UIInterfaceOrientationLandscapeLeft UIInterfaceOrientationLandscapeRight";
				INFOPLIST_KEY_UISupportedInterfaceOrientations_iPhone = "UIInterfaceOrientationPortrait UIInterfaceOrientationLandscapeLeft UIInterfaceOrientationLandscapeRight";
				LD_RUNPATH_SEARCH_PATHS = (
					"$(inherited)",
					"@executable_path/Frameworks",
				);
				MARKETING_VERSION = 1.0;
				PRODUCT_BUNDLE_IDENTIFIER = sedenkov.SearchBook;
				PRODUCT_NAME = "$(TARGET_NAME)";
				SWIFT_EMIT_LOC_STRINGS = YES;
				SWIFT_VERSION = 5.0;
				TARGETED_DEVICE_FAMILY = "1,2";
			};
			name = Debug;
		};
		C258473D27D61BC400E13DEE /* Release */ = {
			isa = XCBuildConfiguration;
			buildSettings = {
				ASSETCATALOG_COMPILER_APPICON_NAME = AppIcon;
				ASSETCATALOG_COMPILER_GLOBAL_ACCENT_COLOR_NAME = AccentColor;
				CODE_SIGN_STYLE = Automatic;
				CURRENT_PROJECT_VERSION = 1;
				GENERATE_INFOPLIST_FILE = YES;
				INFOPLIST_FILE = SearchBook/Supports/Info.plist;
				INFOPLIST_KEY_UIApplicationSupportsIndirectInputEvents = YES;
				INFOPLIST_KEY_UILaunchStoryboardName = LaunchScreen;
				INFOPLIST_KEY_UISupportedInterfaceOrientations_iPad = "UIInterfaceOrientationPortrait UIInterfaceOrientationPortraitUpsideDown UIInterfaceOrientationLandscapeLeft UIInterfaceOrientationLandscapeRight";
				INFOPLIST_KEY_UISupportedInterfaceOrientations_iPhone = "UIInterfaceOrientationPortrait UIInterfaceOrientationLandscapeLeft UIInterfaceOrientationLandscapeRight";
				LD_RUNPATH_SEARCH_PATHS = (
					"$(inherited)",
					"@executable_path/Frameworks",
				);
				MARKETING_VERSION = 1.0;
				PRODUCT_BUNDLE_IDENTIFIER = sedenkov.SearchBook;
				PRODUCT_NAME = "$(TARGET_NAME)";
				SWIFT_EMIT_LOC_STRINGS = YES;
				SWIFT_VERSION = 5.0;
				TARGETED_DEVICE_FAMILY = "1,2";
			};
			name = Release;
		};
/* End XCBuildConfiguration section */

/* Begin XCConfigurationList section */
		C258472227D61BC400E13DEE /* Build configuration list for PBXProject "SearchBook" */ = {
			isa = XCConfigurationList;
			buildConfigurations = (
				C258473927D61BC400E13DEE /* Debug */,
				C258473A27D61BC400E13DEE /* Release */,
			);
			defaultConfigurationIsVisible = 0;
			defaultConfigurationName = Release;
		};
		C258473B27D61BC400E13DEE /* Build configuration list for PBXNativeTarget "SearchBook" */ = {
			isa = XCConfigurationList;
			buildConfigurations = (
				C258473C27D61BC400E13DEE /* Debug */,
				C258473D27D61BC400E13DEE /* Release */,
			);
			defaultConfigurationIsVisible = 0;
			defaultConfigurationName = Release;
		};
/* End XCConfigurationList section */
	};
	rootObject = C258471F27D61BC400E13DEE /* Project object */;
}
